
Microsoft Visual Studio Solution File, Format Version 12.00
# Visual Studio Version 16
VisualStudioVersion = 16.0.810.6
MinimumVisualStudioVersion = 10.0.40219.1
Project("{FAE04EC0-301F-11D3-BF4B-00C04F79EFBC}") = "SHIT-webapi", "SHIT-webapi\SHIT-webapi.csproj", "{43A3CE2D-A0AD-43E8-BB1B-D2E99845CDDB}"
EndProject
Global
	GlobalSection(SolutionConfigurationPlatforms) = preSolution
		Debug|Any CPU = Debug|Any CPU
		Release|Any CPU = Release|Any CPU
	EndGlobalSection
	GlobalSection(ProjectConfigurationPlatforms) = postSolution
		{43A3CE2D-A0AD-43E8-BB1B-D2E99845CDDB}.Debug|Any CPU.ActiveCfg = Debug|Any CPU
		{43A3CE2D-A0AD-43E8-BB1B-D2E99845CDDB}.Debug|Any CPU.Build.0 = Debug|Any CPU
		{43A3CE2D-A0AD-43E8-BB1B-D2E99845CDDB}.Release|Any CPU.ActiveCfg = Release|Any CPU
		{43A3CE2D-A0AD-43E8-BB1B-D2E99845CDDB}.Release|Any CPU.Build.0 = Release|Any CPU
	EndGlobalSection
	GlobalSection(SolutionProperties) = preSolution
		HideSolutionNode = FALSE
	EndGlobalSection
	GlobalSection(ExtensibilityGlobals) = postSolution
		SolutionGuid = {56A4EE68-2002-4579-A27C-61ADBDCCA250}
	EndGlobalSection
EndGlobal
